Microsoft Visual Studio Solution File, Format Version 12.00
# Visual Studio Version 17
VisualStudioVersion = 17.5.2.0
MinimumVisualStudioVersion = 10.0.40219.1
Project("{FAE04EC0-301F-11D3-BF4B-00C04F79EFBC}") = "Planera", "Planera.csproj", "{0FD1407E-1E1C-6396-4D4A-4CBF52AFEFE7}"
EndProject
Global
	GlobalSection(SolutionConfigurationPlatforms) = preSolution
		Debug|Any CPU = Debug|Any CPU
		Release|Any CPU = Release|Any CPU
	EndGlobalSection
	GlobalSection(ProjectConfigurationPlatforms) = postSolution
		{0FD1407E-1E1C-6396-4D4A-4CBF52AFEFE7}.Debug|Any CPU.ActiveCfg = Debug|Any CPU
		{0FD1407E-1E1C-6396-4D4A-4CBF52AFEFE7}.Debug|Any CPU.Build.0 = Debug|Any CPU
		{0FD1407E-1E1C-6396-4D4A-4CBF52AFEFE7}.Release|Any CPU.ActiveCfg = Release|Any CPU
		{0FD1407E-1E1C-6396-4D4A-4CBF52AFEFE7}.Release|Any CPU.Build.0 = Release|Any CPU
	EndGlobalSection
	GlobalSection(SolutionProperties) = preSolution
		HideSolutionNode = FALSE
	EndGlobalSection
	GlobalSection(ExtensibilityGlobals) = postSolution
		SolutionGuid = {53AD4F44-DC7D-4A69-85B1-16315DA719A8}
	EndGlobalSection
EndGlobal
