{
	"name": "web",
	"version": "0.0.1",
	"lockfileVersion": 3,
	"requires": true,
	"packages": {
		"": {
			"name": "web",
			"version": "0.0.1",
			"dependencies": {
				"@fontsource-variable/inter": "^5.0.4",
				"@lexical/html": "^0.11.1",
				"@microsoft/signalr": "^7.0.9",
				"svelte-lexical": "^0.3.4"
			},
			"devDependencies": {
				"@sveltejs/adapter-auto": "^2.0.0",
				"@sveltejs/kit": "^1.22.1",
				"prettier": "^2.8.0",
				"prettier-plugin-svelte": "^2.8.1",
				"sass": "^1.63.4",
				"svelte": "^3.54.0",
				"svelte-check": "^3.0.1",
				"svelte-hero-icons": "^5.0.0",
				"tslib": "^2.4.1",
				"typescript": "^5.0.0",
				"vite": "^4.3.0"
			}
		},
		"node_modules/@esbuild/linux-x64": {
			"version": "0.17.19",
			"cpu": [
				"x64"
			],
			"dev": true,
			"license": "MIT",
			"optional": true,
			"os": [
				"linux"
			],
			"engines": {
				"node": ">=12"
			}
		},
		"node_modules/@fontsource-variable/inter": {
			"version": "5.0.4",
			"license": "OFL-1.1"
		},
		"node_modules/@jridgewell/resolve-uri": {
			"version": "3.1.0",
			"dev": true,
			"license": "MIT",
			"engines": {
				"node": ">=6.0.0"
			}
		},
		"node_modules/@jridgewell/sourcemap-codec": {
			"version": "1.4.15",
			"dev": true,
			"license": "MIT"
		},
		"node_modules/@jridgewell/trace-mapping": {
			"version": "0.3.18",
			"dev": true,
			"license": "MIT",
			"dependencies": {
				"@jridgewell/resolve-uri": "3.1.0",
				"@jridgewell/sourcemap-codec": "1.4.14"
			}
		},
		"node_modules/@jridgewell/trace-mapping/node_modules/@jridgewell/sourcemap-codec": {
			"version": "1.4.14",
			"dev": true,
			"license": "MIT"
		},
		"node_modules/@lexical/html": {
			"version": "0.11.1",
			"resolved": "https://registry.npmjs.org/@lexical/html/-/html-0.11.1.tgz",
			"integrity": "sha512-tkXPpJCM73VwMynnWwZPqdL8gN9ydGtJsPz28Q1m5P3WD6sFERwCasJxYyMPCcL3KfGQ6a0WZCCEtnyUn7VQkg==",
			"dependencies": {
				"@lexical/selection": "0.11.1"
			},
			"peerDependencies": {
				"lexical": "0.11.1"
			}
		},
		"node_modules/@lexical/selection": {
			"version": "0.11.1",
			"resolved": "https://registry.npmjs.org/@lexical/selection/-/selection-0.11.1.tgz",
			"integrity": "sha512-sSiwWlu7LmxasdXAWcphtf5+ZK/6GRe3e/SAuCULfcrvYtEQrXIeyZt1IAvMxStELdQgf8vd0PzwajKcYjEM4A==",
			"peerDependencies": {
				"lexical": "0.11.1"
			}
		},
		"node_modules/@microsoft/signalr": {
			"version": "7.0.9",
			"license": "MIT",
			"dependencies": {
				"abort-controller": "^3.0.0",
				"eventsource": "^2.0.2",
				"fetch-cookie": "^2.0.3",
				"node-fetch": "^2.6.7",
				"ws": "^7.4.5"
			}
		},
		"node_modules/@microsoft/signalr/node_modules/ws": {
			"version": "7.5.9",
			"license": "MIT",
			"engines": {
				"node": ">=8.3.0"
			},
			"peerDependencies": {
				"bufferutil": "^4.0.1",
				"utf-8-validate": "^5.0.2"
			},
			"peerDependenciesMeta": {
				"bufferutil": {
					"optional": true
				},
				"utf-8-validate": {
					"optional": true
				}
			}
		},
		"node_modules/@nodelib/fs.scandir": {
			"version": "2.1.5",
			"dev": true,
			"license": "MIT",
			"dependencies": {
				"@nodelib/fs.stat": "2.0.5",
				"run-parallel": "^1.1.9"
			},
			"engines": {
				"node": ">= 8"
			}
		},
		"node_modules/@nodelib/fs.stat": {
			"version": "2.0.5",
			"dev": true,
			"license": "MIT",
			"engines": {
				"node": ">= 8"
			}
		},
		"node_modules/@nodelib/fs.walk": {
			"version": "1.2.8",
			"dev": true,
			"license": "MIT",
			"dependencies": {
				"@nodelib/fs.scandir": "2.1.5",
				"fastq": "^1.6.0"
			},
			"engines": {
				"node": ">= 8"
			}
		},
		"node_modules/@polka/url": {
			"version": "1.0.0-next.21",
			"dev": true,
			"license": "MIT"
		},
		"node_modules/@steeze-ui/heroicons": {
			"version": "2.2.3",
			"dev": true,
			"license": "MIT"
		},
		"node_modules/@sveltejs/adapter-auto": {
			"version": "2.1.0",
			"dev": true,
			"license": "MIT",
			"dependencies": {
				"import-meta-resolve": "^3.0.0"
			},
			"peerDependencies": {
				"@sveltejs/kit": "^1.0.0"
			}
		},
		"node_modules/@sveltejs/kit": {
			"version": "1.22.1",
			"dev": true,
			"hasInstallScript": true,
			"license": "MIT",
			"dependencies": {
				"@sveltejs/vite-plugin-svelte": "^2.4.1",
				"@types/cookie": "^0.5.1",
				"cookie": "^0.5.0",
				"devalue": "^4.3.1",
				"esm-env": "^1.0.0",
				"kleur": "^4.1.5",
				"magic-string": "^0.30.0",
				"mime": "^3.0.0",
				"sade": "^1.8.1",
				"set-cookie-parser": "^2.6.0",
				"sirv": "^2.0.2",
				"undici": "~5.22.0"
			},
			"bin": {
				"svelte-kit": "svelte-kit.js"
			},
			"engines": {
				"node": "^16.14 || >=18"
			},
			"peerDependencies": {
				"svelte": "^3.54.0 || ^4.0.0-next.0",
				"vite": "^4.0.0"
			}
		},
		"node_modules/@sveltejs/vite-plugin-svelte": {
			"version": "2.4.1",
			"dev": true,
			"license": "MIT",
			"dependencies": {
				"@sveltejs/vite-plugin-svelte-inspector": "^1.0.2",
				"debug": "^4.3.4",
				"deepmerge": "^4.3.1",
				"kleur": "^4.1.5",
				"magic-string": "^0.30.0",
				"svelte-hmr": "^0.15.1",
				"vitefu": "^0.2.4"
			},
			"engines": {
				"node": "^14.18.0 || >= 16"
			},
			"peerDependencies": {
				"svelte": "^3.54.0 || ^4.0.0-next.0",
				"vite": "^4.0.0"
			}
		},
		"node_modules/@sveltejs/vite-plugin-svelte-inspector": {
			"version": "1.0.2",
			"dev": true,
			"license": "MIT",
			"dependencies": {
				"debug": "^4.3.4"
			},
			"engines": {
				"node": "^14.18.0 || >= 16"
			},
			"peerDependencies": {
				"@sveltejs/vite-plugin-svelte": "^2.2.0",
				"svelte": "^3.54.0 || ^4.0.0-next.0",
				"vite": "^4.0.0"
			}
		},
		"node_modules/@types/cookie": {
			"version": "0.5.1",
			"dev": true,
			"license": "MIT"
		},
		"node_modules/@types/pug": {
			"version": "2.0.6",
			"dev": true,
			"license": "MIT"
		},
		"node_modules/abort-controller": {
			"version": "3.0.0",
			"license": "MIT",
			"dependencies": {
				"event-target-shim": "^5.0.0"
			},
			"engines": {
				"node": ">=6.5"
			}
		},
		"node_modules/abstract-leveldown": {
			"version": "6.2.3",
			"license": "MIT",
			"optional": true,
			"dependencies": {
				"buffer": "^5.5.0",
				"immediate": "^3.2.3",
				"level-concat-iterator": "~2.0.0",
				"level-supports": "~1.0.0",
				"xtend": "~4.0.0"
			},
			"engines": {
				"node": ">=6"
			}
		},
		"node_modules/anymatch": {
			"version": "3.1.3",
			"dev": true,
			"license": "ISC",
			"dependencies": {
				"normalize-path": "^3.0.0",
				"picomatch": "^2.0.4"
			},
			"engines": {
				"node": ">= 8"
			}
		},
		"node_modules/async-limiter": {
			"version": "1.0.1",
			"license": "MIT",
			"optional": true
		},
		"node_modules/balanced-match": {
			"version": "1.0.2",
			"dev": true,
			"license": "MIT"
		},
		"node_modules/base64-js": {
			"version": "1.5.1",
			"funding": [
				{
					"type": "github",
					"url": "https://github.com/sponsors/feross"
				},
				{
					"type": "patreon",
					"url": "https://www.patreon.com/feross"
				},
				{
					"type": "consulting",
					"url": "https://feross.org/support"
				}
			],
			"license": "MIT",
			"optional": true
		},
		"node_modules/binary-extensions": {
			"version": "2.2.0",
			"dev": true,
			"license": "MIT",
			"engines": {
				"node": ">=8"
			}
		},
		"node_modules/brace-expansion": {
			"version": "1.1.11",
			"dev": true,
			"license": "MIT",
			"dependencies": {
				"balanced-match": "^1.0.0",
				"concat-map": "0.0.1"
			}
		},
		"node_modules/braces": {
			"version": "3.0.2",
			"dev": true,
			"license": "MIT",
			"dependencies": {
				"fill-range": "^7.0.1"
			},
			"engines": {
				"node": ">=8"
			}
		},
		"node_modules/buffer": {
			"version": "5.7.1",
			"funding": [
				{
					"type": "github",
					"url": "https://github.com/sponsors/feross"
				},
				{
					"type": "patreon",
					"url": "https://www.patreon.com/feross"
				},
				{
					"type": "consulting",
					"url": "https://feross.org/support"
				}
			],
			"license": "MIT",
			"optional": true,
			"dependencies": {
				"base64-js": "^1.3.1",
				"ieee754": "^1.1.13"
			}
		},
		"node_modules/buffer-crc32": {
			"version": "0.2.13",
			"dev": true,
			"license": "MIT",
			"engines": {
				"node": "*"
			}
		},
		"node_modules/busboy": {
			"version": "1.6.0",
			"dev": true,
			"dependencies": {
				"streamsearch": "^1.1.0"
			},
			"engines": {
				"node": ">=10.16.0"
			}
		},
		"node_modules/callsites": {
			"version": "3.1.0",
			"dev": true,
			"license": "MIT",
			"engines": {
				"node": ">=6"
			}
		},
		"node_modules/chokidar": {
			"version": "3.5.3",
			"dev": true,
			"funding": [
				{
					"type": "individual",
					"url": "https://paulmillr.com/funding/"
				}
			],
			"license": "MIT",
			"dependencies": {
				"anymatch": "~3.1.2",
				"braces": "~3.0.2",
				"glob-parent": "~5.1.2",
				"is-binary-path": "~2.1.0",
				"is-glob": "~4.0.1",
				"normalize-path": "~3.0.0",
				"readdirp": "~3.6.0"
			},
			"engines": {
				"node": ">= 8.10.0"
			},
			"optionalDependencies": {
				"fsevents": "~2.3.2"
			}
		},
		"node_modules/concat-map": {
			"version": "0.0.1",
			"dev": true,
			"license": "MIT"
		},
		"node_modules/cookie": {
			"version": "0.5.0",
			"dev": true,
			"license": "MIT",
			"engines": {
				"node": ">= 0.6"
			}
		},
		"node_modules/debug": {
			"version": "4.3.4",
			"dev": true,
			"license": "MIT",
			"dependencies": {
				"ms": "2.1.2"
			},
			"engines": {
				"node": ">=6.0"
			},
			"peerDependenciesMeta": {
				"supports-color": {
					"optional": true
				}
			}
		},
		"node_modules/deepmerge": {
			"version": "4.3.1",
			"dev": true,
			"license": "MIT",
			"engines": {
				"node": ">=0.10.0"
			}
		},
		"node_modules/deferred-leveldown": {
			"version": "5.3.0",
			"license": "MIT",
			"optional": true,
			"dependencies": {
				"abstract-leveldown": "~6.2.1",
				"inherits": "^2.0.3"
			},
			"engines": {
				"node": ">=6"
			}
		},
		"node_modules/detect-indent": {
			"version": "6.1.0",
			"dev": true,
			"license": "MIT",
			"engines": {
				"node": ">=8"
			}
		},
		"node_modules/devalue": {
			"version": "4.3.2",
			"dev": true,
			"license": "MIT"
		},
		"node_modules/encoding-down": {
			"version": "6.3.0",
			"license": "MIT",
			"optional": true,
			"dependencies": {
				"abstract-leveldown": "^6.2.1",
				"inherits": "^2.0.3",
				"level-codec": "^9.0.0",
				"level-errors": "^2.0.0"
			},
			"engines": {
				"node": ">=6"
			}
		},
		"node_modules/errno": {
			"version": "0.1.8",
			"license": "MIT",
			"optional": true,
			"dependencies": {
				"prr": "~1.0.1"
			},
			"bin": {
				"errno": "cli.js"
			}
		},
		"node_modules/es6-promise": {
			"version": "3.3.1",
			"dev": true,
			"license": "MIT"
		},
		"node_modules/esbuild": {
			"version": "0.17.19",
			"dev": true,
			"hasInstallScript": true,
			"license": "MIT",
			"bin": {
				"esbuild": "bin/esbuild"
			},
			"engines": {
				"node": ">=12"
			},
			"optionalDependencies": {
				"@esbuild/android-arm": "0.17.19",
				"@esbuild/android-arm64": "0.17.19",
				"@esbuild/android-x64": "0.17.19",
				"@esbuild/darwin-arm64": "0.17.19",
				"@esbuild/darwin-x64": "0.17.19",
				"@esbuild/freebsd-arm64": "0.17.19",
				"@esbuild/freebsd-x64": "0.17.19",
				"@esbuild/linux-arm": "0.17.19",
				"@esbuild/linux-arm64": "0.17.19",
				"@esbuild/linux-ia32": "0.17.19",
				"@esbuild/linux-loong64": "0.17.19",
				"@esbuild/linux-mips64el": "0.17.19",
				"@esbuild/linux-ppc64": "0.17.19",
				"@esbuild/linux-riscv64": "0.17.19",
				"@esbuild/linux-s390x": "0.17.19",
				"@esbuild/linux-x64": "0.17.19",
				"@esbuild/netbsd-x64": "0.17.19",
				"@esbuild/openbsd-x64": "0.17.19",
				"@esbuild/sunos-x64": "0.17.19",
				"@esbuild/win32-arm64": "0.17.19",
				"@esbuild/win32-ia32": "0.17.19",
				"@esbuild/win32-x64": "0.17.19"
			}
		},
		"node_modules/esm-env": {
			"version": "1.0.0",
			"dev": true,
			"license": "MIT"
		},
		"node_modules/event-target-shim": {
			"version": "5.0.1",
			"license": "MIT",
			"engines": {
				"node": ">=6"
			}
		},
		"node_modules/eventsource": {
			"version": "2.0.2",
			"license": "MIT",
			"engines": {
				"node": ">=12.0.0"
			}
		},
		"node_modules/fast-glob": {
			"version": "3.2.12",
			"dev": true,
			"license": "MIT",
			"dependencies": {
				"@nodelib/fs.stat": "^2.0.2",
				"@nodelib/fs.walk": "^1.2.3",
				"glob-parent": "^5.1.2",
				"merge2": "^1.3.0",
				"micromatch": "^4.0.4"
			},
			"engines": {
				"node": ">=8.6.0"
			}
		},
		"node_modules/fastq": {
			"version": "1.15.0",
			"dev": true,
			"license": "ISC",
			"dependencies": {
				"reusify": "^1.0.4"
			}
		},
		"node_modules/fetch-cookie": {
			"version": "2.1.0",
			"license": "Unlicense",
			"dependencies": {
				"set-cookie-parser": "^2.4.8",
				"tough-cookie": "^4.0.0"
			}
		},
		"node_modules/fill-range": {
			"version": "7.0.1",
			"dev": true,
			"license": "MIT",
			"dependencies": {
				"to-regex-range": "^5.0.1"
			},
			"engines": {
				"node": ">=8"
			}
		},
		"node_modules/fs.realpath": {
			"version": "1.0.0",
			"dev": true,
			"license": "ISC"
		},
		"node_modules/glob": {
			"version": "7.2.3",
			"dev": true,
			"license": "ISC",
			"dependencies": {
				"fs.realpath": "^1.0.0",
				"inflight": "^1.0.4",
				"inherits": "2",
				"minimatch": "^3.1.1",
				"once": "^1.3.0",
				"path-is-absolute": "^1.0.0"
			},
			"engines": {
				"node": "*"
			},
			"funding": {
				"url": "https://github.com/sponsors/isaacs"
			}
		},
		"node_modules/glob-parent": {
			"version": "5.1.2",
			"dev": true,
			"license": "ISC",
			"dependencies": {
				"is-glob": "^4.0.1"
			},
			"engines": {
				"node": ">= 6"
			}
		},
		"node_modules/graceful-fs": {
			"version": "4.2.11",
			"dev": true,
			"license": "ISC"
		},
		"node_modules/ieee754": {
			"version": "1.2.1",
			"funding": [
				{
					"type": "github",
					"url": "https://github.com/sponsors/feross"
				},
				{
					"type": "patreon",
					"url": "https://www.patreon.com/feross"
				},
				{
					"type": "consulting",
					"url": "https://feross.org/support"
				}
			],
			"license": "BSD-3-Clause",
			"optional": true
		},
		"node_modules/immediate": {
			"version": "3.3.0",
			"license": "MIT",
			"optional": true
		},
		"node_modules/immutable": {
			"version": "4.3.0",
			"dev": true,
			"license": "MIT"
		},
		"node_modules/import-fresh": {
			"version": "3.3.0",
			"dev": true,
			"license": "MIT",
			"dependencies": {
				"parent-module": "^1.0.0",
				"resolve-from": "^4.0.0"
			},
			"engines": {
				"node": ">=6"
			},
			"funding": {
				"url": "https://github.com/sponsors/sindresorhus"
			}
		},
		"node_modules/import-meta-resolve": {
			"version": "3.0.0",
			"dev": true,
			"license": "MIT",
			"funding": {
				"type": "github",
				"url": "https://github.com/sponsors/wooorm"
			}
		},
		"node_modules/inflight": {
			"version": "1.0.6",
			"dev": true,
			"license": "ISC",
			"dependencies": {
				"once": "^1.3.0",
				"wrappy": "1"
			}
		},
		"node_modules/inherits": {
			"version": "2.0.4",
			"devOptional": true,
			"license": "ISC"
		},
		"node_modules/is-binary-path": {
			"version": "2.1.0",
			"dev": true,
			"license": "MIT",
			"dependencies": {
				"binary-extensions": "^2.0.0"
			},
			"engines": {
				"node": ">=8"
			}
		},
		"node_modules/is-extglob": {
			"version": "2.1.1",
			"dev": true,
			"license": "MIT",
			"engines": {
				"node": ">=0.10.0"
			}
		},
		"node_modules/is-glob": {
			"version": "4.0.3",
			"dev": true,
			"license": "MIT",
			"dependencies": {
				"is-extglob": "^2.1.1"
			},
			"engines": {
				"node": ">=0.10.0"
			}
		},
		"node_modules/is-number": {
			"version": "7.0.0",
			"dev": true,
			"license": "MIT",
			"engines": {
				"node": ">=0.12.0"
			}
		},
		"node_modules/isomorphic.js": {
			"version": "0.2.5",
			"license": "MIT",
			"funding": {
				"type": "GitHub Sponsors ❤",
				"url": "https://github.com/sponsors/dmonad"
			}
		},
		"node_modules/kleur": {
			"version": "4.1.5",
			"dev": true,
			"license": "MIT",
			"engines": {
				"node": ">=6"
			}
		},
		"node_modules/level": {
			"version": "6.0.1",
			"license": "MIT",
			"optional": true,
			"dependencies": {
				"level-js": "^5.0.0",
				"level-packager": "^5.1.0",
				"leveldown": "^5.4.0"
			},
			"engines": {
				"node": ">=8.6.0"
			},
			"funding": {
				"type": "opencollective",
				"url": "https://opencollective.com/level"
			}
		},
		"node_modules/level-codec": {
			"version": "9.0.2",
			"license": "MIT",
			"optional": true,
			"dependencies": {
				"buffer": "^5.6.0"
			},
			"engines": {
				"node": ">=6"
			}
		},
		"node_modules/level-concat-iterator": {
			"version": "2.0.1",
			"license": "MIT",
			"optional": true,
			"engines": {
				"node": ">=6"
			}
		},
		"node_modules/level-errors": {
			"version": "2.0.1",
			"license": "MIT",
			"optional": true,
			"dependencies": {
				"errno": "~0.1.1"
			},
			"engines": {
				"node": ">=6"
			}
		},
		"node_modules/level-iterator-stream": {
			"version": "4.0.2",
			"license": "MIT",
			"optional": true,
			"dependencies": {
				"inherits": "^2.0.4",
				"readable-stream": "^3.4.0",
				"xtend": "^4.0.2"
			},
			"engines": {
				"node": ">=6"
			}
		},
		"node_modules/level-js": {
			"version": "5.0.2",
			"license": "MIT",
			"optional": true,
			"dependencies": {
				"abstract-leveldown": "~6.2.3",
				"buffer": "^5.5.0",
				"inherits": "^2.0.3",
				"ltgt": "^2.1.2"
			}
		},
		"node_modules/level-packager": {
			"version": "5.1.1",
			"license": "MIT",
			"optional": true,
			"dependencies": {
				"encoding-down": "^6.3.0",
				"levelup": "^4.3.2"
			},
			"engines": {
				"node": ">=6"
			}
		},
		"node_modules/level-supports": {
			"version": "1.0.1",
			"license": "MIT",
			"optional": true,
			"dependencies": {
				"xtend": "^4.0.2"
			},
			"engines": {
				"node": ">=6"
			}
		},
		"node_modules/leveldown": {
			"version": "5.6.0",
			"hasInstallScript": true,
			"license": "MIT",
			"optional": true,
			"dependencies": {
				"abstract-leveldown": "~6.2.1",
				"napi-macros": "~2.0.0",
				"node-gyp-build": "~4.1.0"
			},
			"engines": {
				"node": ">=8.6.0"
			}
		},
		"node_modules/levelup": {
			"version": "4.4.0",
			"license": "MIT",
			"optional": true,
			"dependencies": {
				"deferred-leveldown": "~5.3.0",
				"level-errors": "~2.0.0",
				"level-iterator-stream": "~4.0.0",
				"level-supports": "~1.0.0",
				"xtend": "~4.0.0"
			},
			"engines": {
				"node": ">=6"
			}
		},
		"node_modules/lexical": {
			"version": "0.11.1",
			"resolved": "https://registry.npmjs.org/lexical/-/lexical-0.11.1.tgz",
			"integrity": "sha512-PhAGADxqzwJldmkVK5tvkaARTULCdeJjfhxWTnJQXTAlApE9heJir7SWxbxeUx1G5gdKZQFicGhOQlDXJmma2Q=="
		},
		"node_modules/lib0": {
			"version": "0.2.78",
			"license": "MIT",
			"dependencies": {
				"isomorphic.js": "^0.2.4"
			},
			"bin": {
				"0gentesthtml": "bin/gentesthtml.js",
				"0serve": "bin/0serve.js"
			},
			"engines": {
				"node": ">=16"
			},
			"funding": {
				"type": "GitHub Sponsors ❤",
				"url": "https://github.com/sponsors/dmonad"
			}
		},
		"node_modules/lodash-es": {
			"version": "4.17.21",
			"license": "MIT"
		},
		"node_modules/lodash.debounce": {
			"version": "4.0.8",
			"license": "MIT"
		},
		"node_modules/ltgt": {
			"version": "2.2.1",
			"license": "MIT",
			"optional": true
		},
		"node_modules/magic-string": {
			"version": "0.30.0",
			"dev": true,
			"license": "MIT",
			"dependencies": {
				"@jridgewell/sourcemap-codec": "^1.4.13"
			},
			"engines": {
				"node": ">=12"
			}
		},
		"node_modules/merge2": {
			"version": "1.4.1",
			"dev": true,
			"license": "MIT",
			"engines": {
				"node": ">= 8"
			}
		},
		"node_modules/micromatch": {
			"version": "4.0.5",
			"dev": true,
			"license": "MIT",
			"dependencies": {
				"braces": "^3.0.2",
				"picomatch": "^2.3.1"
			},
			"engines": {
				"node": ">=8.6"
			}
		},
		"node_modules/mime": {
			"version": "3.0.0",
			"dev": true,
			"license": "MIT",
			"bin": {
				"mime": "cli.js"
			},
			"engines": {
				"node": ">=10.0.0"
			}
		},
		"node_modules/min-indent": {
			"version": "1.0.1",
			"dev": true,
			"license": "MIT",
			"engines": {
				"node": ">=4"
			}
		},
		"node_modules/minimatch": {
			"version": "3.1.2",
			"dev": true,
			"license": "ISC",
			"dependencies": {
				"brace-expansion": "^1.1.7"
			},
			"engines": {
				"node": "*"
			}
		},
		"node_modules/minimist": {
			"version": "1.2.8",
			"dev": true,
			"license": "MIT",
			"funding": {
				"url": "https://github.com/sponsors/ljharb"
			}
		},
		"node_modules/mkdirp": {
			"version": "0.5.6",
			"dev": true,
			"license": "MIT",
			"dependencies": {
				"minimist": "^1.2.6"
			},
			"bin": {
				"mkdirp": "bin/cmd.js"
			}
		},
		"node_modules/mri": {
			"version": "1.2.0",
			"dev": true,
			"license": "MIT",
			"engines": {
				"node": ">=4"
			}
		},
		"node_modules/mrmime": {
			"version": "1.0.1",
			"dev": true,
			"license": "MIT",
			"engines": {
				"node": ">=10"
			}
		},
		"node_modules/ms": {
			"version": "2.1.2",
			"dev": true,
			"license": "MIT"
		},
		"node_modules/nanoid": {
			"version": "3.3.6",
			"dev": true,
			"funding": [
				{
					"type": "github",
					"url": "https://github.com/sponsors/ai"
				}
			],
			"license": "MIT",
			"bin": {
				"nanoid": "bin/nanoid.cjs"
			},
			"engines": {
				"node": "^10 || ^12 || ^13.7 || ^14 || >=15.0.1"
			}
		},
		"node_modules/napi-macros": {
			"version": "2.0.0",
			"license": "MIT",
			"optional": true
		},
		"node_modules/node-fetch": {
			"version": "2.6.12",
			"license": "MIT",
			"dependencies": {
				"whatwg-url": "^5.0.0"
			},
			"engines": {
				"node": "4.x || >=6.0.0"
			},
			"peerDependencies": {
				"encoding": "^0.1.0"
			},
			"peerDependenciesMeta": {
				"encoding": {
					"optional": true
				}
			}
		},
		"node_modules/node-gyp-build": {
			"version": "4.1.1",
			"license": "MIT",
			"optional": true,
			"bin": {
				"node-gyp-build": "bin.js",
				"node-gyp-build-optional": "optional.js",
				"node-gyp-build-test": "build-test.js"
			}
		},
		"node_modules/normalize-path": {
			"version": "3.0.0",
			"dev": true,
			"license": "MIT",
			"engines": {
				"node": ">=0.10.0"
			}
		},
		"node_modules/once": {
			"version": "1.4.0",
			"dev": true,
			"license": "ISC",
			"dependencies": {
				"wrappy": "1"
			}
		},
		"node_modules/parent-module": {
			"version": "1.0.1",
			"dev": true,
			"license": "MIT",
			"dependencies": {
				"callsites": "^3.0.0"
			},
			"engines": {
				"node": ">=6"
			}
		},
		"node_modules/path-is-absolute": {
			"version": "1.0.1",
			"dev": true,
			"license": "MIT",
			"engines": {
				"node": ">=0.10.0"
			}
		},
		"node_modules/picocolors": {
			"version": "1.0.0",
			"dev": true,
			"license": "ISC"
		},
		"node_modules/picomatch": {
			"version": "2.3.1",
			"dev": true,
			"license": "MIT",
			"engines": {
				"node": ">=8.6"
			},
			"funding": {
				"url": "https://github.com/sponsors/jonschlinkert"
			}
		},
		"node_modules/postcss": {
			"version": "8.4.24",
			"dev": true,
			"funding": [
				{
					"type": "opencollective",
					"url": "https://opencollective.com/postcss/"
				},
				{
					"type": "tidelift",
					"url": "https://tidelift.com/funding/github/npm/postcss"
				},
				{
					"type": "github",
					"url": "https://github.com/sponsors/ai"
				}
			],
			"license": "MIT",
			"dependencies": {
				"nanoid": "^3.3.6",
				"picocolors": "^1.0.0",
				"source-map-js": "^1.0.2"
			},
			"engines": {
				"node": "^10 || ^12 || >=14"
			}
		},
		"node_modules/prettier": {
			"version": "2.8.8",
			"license": "MIT",
			"bin": {
				"prettier": "bin-prettier.js"
			},
			"engines": {
				"node": ">=10.13.0"
			},
			"funding": {
				"url": "https://github.com/prettier/prettier?sponsor=1"
			}
		},
		"node_modules/prettier-plugin-svelte": {
			"version": "2.10.1",
			"dev": true,
			"license": "MIT",
			"peerDependencies": {
				"prettier": "^1.16.4 || ^2.0.0",
				"svelte": "^3.2.0 || ^4.0.0-next.0"
			}
		},
		"node_modules/prismjs": {
			"version": "1.29.0",
			"license": "MIT",
			"engines": {
				"node": ">=6"
			}
		},
		"node_modules/prr": {
			"version": "1.0.1",
			"license": "MIT",
			"optional": true
		},
		"node_modules/psl": {
			"version": "1.9.0",
			"license": "MIT"
		},
		"node_modules/punycode": {
			"version": "2.3.0",
			"license": "MIT",
			"engines": {
				"node": ">=6"
			}
		},
		"node_modules/querystringify": {
			"version": "2.2.0",
			"license": "MIT"
		},
		"node_modules/queue-microtask": {
			"version": "1.2.3",
			"dev": true,
			"funding": [
				{
					"type": "github",
					"url": "https://github.com/sponsors/feross"
				},
				{
					"type": "patreon",
					"url": "https://www.patreon.com/feross"
				},
				{
					"type": "consulting",
					"url": "https://feross.org/support"
				}
			],
			"license": "MIT"
		},
		"node_modules/readable-stream": {
			"version": "3.6.2",
			"license": "MIT",
			"optional": true,
			"dependencies": {
				"inherits": "^2.0.3",
				"string_decoder": "^1.1.1",
				"util-deprecate": "^1.0.1"
			},
			"engines": {
				"node": ">= 6"
			}
		},
		"node_modules/readdirp": {
			"version": "3.6.0",
			"dev": true,
			"license": "MIT",
			"dependencies": {
				"picomatch": "^2.2.1"
			},
			"engines": {
				"node": ">=8.10.0"
			}
		},
		"node_modules/requires-port": {
			"version": "1.0.0",
			"license": "MIT"
		},
		"node_modules/resolve-from": {
			"version": "4.0.0",
			"dev": true,
			"license": "MIT",
			"engines": {
				"node": ">=4"
			}
		},
		"node_modules/reusify": {
			"version": "1.0.4",
			"dev": true,
			"license": "MIT",
			"engines": {
				"iojs": ">=1.0.0",
				"node": ">=0.10.0"
			}
		},
		"node_modules/rimraf": {
			"version": "2.7.1",
			"dev": true,
			"license": "ISC",
			"dependencies": {
				"glob": "^7.1.3"
			},
			"bin": {
				"rimraf": "bin.js"
			}
		},
		"node_modules/rollup": {
			"version": "3.25.1",
			"dev": true,
			"license": "MIT",
			"bin": {
				"rollup": "dist/bin/rollup"
			},
			"engines": {
				"node": ">=14.18.0",
				"npm": ">=8.0.0"
			},
			"optionalDependencies": {
				"fsevents": "~2.3.2"
			}
		},
		"node_modules/run-parallel": {
			"version": "1.2.0",
			"dev": true,
			"funding": [
				{
					"type": "github",
					"url": "https://github.com/sponsors/feross"
				},
				{
					"type": "patreon",
					"url": "https://www.patreon.com/feross"
				},
				{
					"type": "consulting",
					"url": "https://feross.org/support"
				}
			],
			"license": "MIT",
			"dependencies": {
				"queue-microtask": "^1.2.2"
			}
		},
		"node_modules/sade": {
			"version": "1.8.1",
			"dev": true,
			"license": "MIT",
			"dependencies": {
				"mri": "^1.1.0"
			},
			"engines": {
				"node": ">=6"
			}
		},
		"node_modules/safe-buffer": {
			"version": "5.2.1",
			"funding": [
				{
					"type": "github",
					"url": "https://github.com/sponsors/feross"
				},
				{
					"type": "patreon",
					"url": "https://www.patreon.com/feross"
				},
				{
					"type": "consulting",
					"url": "https://feross.org/support"
				}
			],
			"license": "MIT",
			"optional": true
		},
		"node_modules/sander": {
			"version": "0.5.1",
			"dev": true,
			"license": "MIT",
			"dependencies": {
				"es6-promise": "^3.1.2",
				"graceful-fs": "^4.1.3",
				"mkdirp": "^0.5.1",
				"rimraf": "^2.5.2"
			}
		},
		"node_modules/sass": {
			"version": "1.63.4",
			"dev": true,
			"license": "MIT",
			"dependencies": {
				"chokidar": ">=3.0.0 <4.0.0",
				"immutable": "^4.0.0",
				"source-map-js": ">=0.6.2 <2.0.0"
			},
			"bin": {
				"sass": "sass.js"
			},
			"engines": {
				"node": ">=14.0.0"
			}
		},
		"node_modules/set-cookie-parser": {
			"version": "2.6.0",
			"license": "MIT"
		},
		"node_modules/sirv": {
			"version": "2.0.3",
			"dev": true,
			"license": "MIT",
			"dependencies": {
				"@polka/url": "^1.0.0-next.20",
				"mrmime": "^1.0.0",
				"totalist": "^3.0.0"
			},
			"engines": {
				"node": ">= 10"
			}
		},
		"node_modules/sorcery": {
			"version": "0.11.0",
			"dev": true,
			"license": "MIT",
			"dependencies": {
				"@jridgewell/sourcemap-codec": "^1.4.14",
				"buffer-crc32": "^0.2.5",
				"minimist": "^1.2.0",
				"sander": "^0.5.0"
			},
			"bin": {
				"sorcery": "bin/sorcery"
			}
		},
		"node_modules/source-map-js": {
			"version": "1.0.2",
			"dev": true,
			"license": "BSD-3-Clause",
			"engines": {
				"node": ">=0.10.0"
			}
		},
		"node_modules/streamsearch": {
			"version": "1.1.0",
			"dev": true,
			"engines": {
				"node": ">=10.0.0"
			}
		},
		"node_modules/string_decoder": {
			"version": "1.3.0",
			"license": "MIT",
			"optional": true,
			"dependencies": {
				"safe-buffer": "~5.2.0"
			}
		},
		"node_modules/strip-indent": {
			"version": "3.0.0",
			"dev": true,
			"license": "MIT",
			"dependencies": {
				"min-indent": "^1.0.0"
			},
			"engines": {
				"node": ">=8"
			}
		},
		"node_modules/svelte": {
			"version": "3.59.1",
			"license": "MIT",
			"engines": {
				"node": ">= 8"
			}
		},
		"node_modules/svelte-check": {
			"version": "3.4.3",
			"dev": true,
			"license": "MIT",
			"dependencies": {
				"@jridgewell/trace-mapping": "^0.3.17",
				"chokidar": "^3.4.1",
				"fast-glob": "^3.2.7",
				"import-fresh": "^3.2.1",
				"picocolors": "^1.0.0",
				"sade": "^1.7.4",
				"svelte-preprocess": "^5.0.3",
				"typescript": "^5.0.3"
			},
			"bin": {
				"svelte-check": "bin/svelte-check"
			},
			"peerDependencies": {
				"svelte": "^3.55.0 || ^4.0.0-next.0 || ^4.0.0"
			}
		},
		"node_modules/svelte-hero-icons": {
			"version": "5.0.0",
			"dev": true,
			"license": "MIT",
			"dependencies": {
				"@steeze-ui/heroicons": "^2.2.2"
			},
			"engines": {
				"node": ">=14.0.0"
			}
		},
		"node_modules/svelte-hmr": {
			"version": "0.15.2",
			"dev": true,
			"license": "ISC",
			"engines": {
				"node": "^12.20 || ^14.13.1 || >= 16"
			},
			"peerDependencies": {
				"svelte": "^3.19.0 || ^4.0.0-next.0"
			}
		},
		"node_modules/svelte-lexical": {
			"version": "0.3.4",
			"resolved": "https://registry.npmjs.org/svelte-lexical/-/svelte-lexical-0.3.4.tgz",
			"integrity": "sha512-xl1SKan7vw9Cmajzt4rdnS8X0odIs0kZYjtMyXGdcoe7pR63iT2w7ljT5P4FEiVv5W/QB2i5Yu2LAHiQnmtVCw==",
			"dependencies": {
				"@lexical/clipboard": "0.11.1",
				"@lexical/code": "0.11.1",
				"@lexical/file": "0.11.1",
				"@lexical/hashtag": "0.11.1",
				"@lexical/history": "0.11.1",
				"@lexical/link": "0.11.1",
				"@lexical/list": "0.11.1",
				"@lexical/mark": "0.11.1",
				"@lexical/overflow": "0.11.1",
				"@lexical/plain-text": "0.11.1",
				"@lexical/rich-text": "0.11.1",
				"@lexical/selection": "0.11.1",
				"@lexical/table": "0.11.1",
				"@lexical/text": "0.11.1",
				"@lexical/utils": "0.11.1",
				"@lexical/yjs": "0.11.1",
				"lexical": "0.11.1",
				"lodash-es": "^4.17.21",
				"prettier": "^2.8.8",
				"svelte": "^3.59.1",
				"y-websocket": "1.5.0",
				"yjs": "13.6.2"
			}
		},
		"node_modules/svelte-lexical/node_modules/@lexical/clipboard": {
			"version": "0.11.1",
			"license": "MIT",
			"dependencies": {
				"@lexical/html": "0.11.1",
				"@lexical/list": "0.11.1",
				"@lexical/selection": "0.11.1",
				"@lexical/utils": "0.11.1"
			},
			"peerDependencies": {
				"lexical": "0.11.1"
			}
		},
		"node_modules/svelte-lexical/node_modules/@lexical/code": {
			"version": "0.11.1",
			"license": "MIT",
			"dependencies": {
				"@lexical/utils": "0.11.1",
				"prismjs": "^1.27.0"
			},
			"peerDependencies": {
				"lexical": "0.11.1"
			}
		},
		"node_modules/svelte-lexical/node_modules/@lexical/file": {
			"version": "0.11.1",
			"license": "MIT",
			"peerDependencies": {
				"lexical": "0.11.1"
			}
		},
		"node_modules/svelte-lexical/node_modules/@lexical/hashtag": {
			"version": "0.11.1",
			"license": "MIT",
			"dependencies": {
				"@lexical/utils": "0.11.1"
			},
			"peerDependencies": {
				"lexical": "0.11.1"
			}
		},
		"node_modules/svelte-lexical/node_modules/@lexical/history": {
			"version": "0.11.1",
			"license": "MIT",
			"dependencies": {
				"@lexical/utils": "0.11.1"
			},
			"peerDependencies": {
				"lexical": "0.11.1"
			}
		},
		"node_modules/svelte-lexical/node_modules/@lexical/link": {
			"version": "0.11.1",
			"license": "MIT",
			"dependencies": {
				"@lexical/utils": "0.11.1"
			},
			"peerDependencies": {
				"lexical": "0.11.1"
			}
		},
		"node_modules/svelte-lexical/node_modules/@lexical/list": {
			"version": "0.11.1",
			"license": "MIT",
			"dependencies": {
				"@lexical/utils": "0.11.1"
			},
			"peerDependencies": {
				"lexical": "0.11.1"
			}
		},
		"node_modules/svelte-lexical/node_modules/@lexical/mark": {
			"version": "0.11.1",
			"license": "MIT",
			"dependencies": {
				"@lexical/utils": "0.11.1"
			},
			"peerDependencies": {
				"lexical": "0.11.1"
			}
		},
		"node_modules/svelte-lexical/node_modules/@lexical/offset": {
			"version": "0.11.1",
			"license": "MIT",
			"peerDependencies": {
				"lexical": "0.11.1"
			}
		},
		"node_modules/svelte-lexical/node_modules/@lexical/overflow": {
			"version": "0.11.1",
			"license": "MIT",
			"peerDependencies": {
				"lexical": "0.11.1"
			}
		},
		"node_modules/svelte-lexical/node_modules/@lexical/plain-text": {
			"version": "0.11.1",
			"license": "MIT",
			"peerDependencies": {
				"@lexical/clipboard": "0.11.1",
				"@lexical/selection": "0.11.1",
				"@lexical/utils": "0.11.1",
				"lexical": "0.11.1"
			}
		},
		"node_modules/svelte-lexical/node_modules/@lexical/rich-text": {
			"version": "0.11.1",
			"license": "MIT",
			"peerDependencies": {
				"@lexical/clipboard": "0.11.1",
				"@lexical/selection": "0.11.1",
				"@lexical/utils": "0.11.1",
				"lexical": "0.11.1"
			}
		},
		"node_modules/svelte-lexical/node_modules/@lexical/table": {
			"version": "0.11.1",
			"license": "MIT",
			"dependencies": {
				"@lexical/utils": "0.11.1"
			},
			"peerDependencies": {
				"lexical": "0.11.1"
			}
		},
		"node_modules/svelte-lexical/node_modules/@lexical/text": {
			"version": "0.11.1",
			"license": "MIT",
			"peerDependencies": {
				"lexical": "0.11.1"
			}
		},
		"node_modules/svelte-lexical/node_modules/@lexical/utils": {
			"version": "0.11.1",
			"license": "MIT",
			"dependencies": {
				"@lexical/list": "0.11.1",
				"@lexical/selection": "0.11.1",
				"@lexical/table": "0.11.1"
			},
			"peerDependencies": {
				"lexical": "0.11.1"
			}
		},
		"node_modules/svelte-lexical/node_modules/@lexical/yjs": {
			"version": "0.11.1",
			"license": "MIT",
			"dependencies": {
				"@lexical/offset": "0.11.1"
			},
			"peerDependencies": {
				"lexical": "0.11.1",
				"yjs": ">=13.5.22"
			}
		},
		"node_modules/svelte-preprocess": {
			"version": "5.0.4",
			"dev": true,
			"hasInstallScript": true,
			"license": "MIT",
			"dependencies": {
				"@types/pug": "^2.0.6",
				"detect-indent": "^6.1.0",
				"magic-string": "^0.27.0",
				"sorcery": "^0.11.0",
				"strip-indent": "^3.0.0"
			},
			"engines": {
				"node": ">= 14.10.0"
			},
			"peerDependencies": {
				"@babel/core": "^7.10.2",
				"coffeescript": "^2.5.1",
				"less": "^3.11.3 || ^4.0.0",
				"postcss": "^7 || ^8",
				"postcss-load-config": "^2.1.0 || ^3.0.0 || ^4.0.0",
				"pug": "^3.0.0",
				"sass": "^1.26.8",
				"stylus": "^0.55.0",
				"sugarss": "^2.0.0 || ^3.0.0 || ^4.0.0",
				"svelte": "^3.23.0 || ^4.0.0-next.0 || ^4.0.0",
				"typescript": ">=3.9.5 || ^4.0.0 || ^5.0.0"
			},
			"peerDependenciesMeta": {
				"@babel/core": {
					"optional": true
				},
				"coffeescript": {
					"optional": true
				},
				"less": {
					"optional": true
				},
				"postcss": {
					"optional": true
				},
				"postcss-load-config": {
					"optional": true
				},
				"pug": {
					"optional": true
				},
				"sass": {
					"optional": true
				},
				"stylus": {
					"optional": true
				},
				"sugarss": {
					"optional": true
				},
				"typescript": {
					"optional": true
				}
			}
		},
		"node_modules/svelte-preprocess/node_modules/magic-string": {
			"version": "0.27.0",
			"dev": true,
			"license": "MIT",
			"dependencies": {
				"@jridgewell/sourcemap-codec": "^1.4.13"
			},
			"engines": {
				"node": ">=12"
			}
		},
		"node_modules/to-regex-range": {
			"version": "5.0.1",
			"dev": true,
			"license": "MIT",
			"dependencies": {
				"is-number": "^7.0.0"
			},
			"engines": {
				"node": ">=8.0"
			}
		},
		"node_modules/totalist": {
			"version": "3.0.1",
			"dev": true,
			"license": "MIT",
			"engines": {
				"node": ">=6"
			}
		},
		"node_modules/tough-cookie": {
			"version": "4.1.3",
			"license": "BSD-3-Clause",
			"dependencies": {
				"psl": "^1.1.33",
				"punycode": "^2.1.1",
				"universalify": "^0.2.0",
				"url-parse": "^1.5.3"
			},
			"engines": {
				"node": ">=6"
			}
		},
		"node_modules/tr46": {
			"version": "0.0.3",
			"license": "MIT"
		},
		"node_modules/tslib": {
			"version": "2.5.3",
			"dev": true,
			"license": "0BSD"
		},
		"node_modules/typescript": {
			"version": "5.1.3",
			"dev": true,
			"license": "Apache-2.0",
			"bin": {
				"tsc": "bin/tsc",
				"tsserver": "bin/tsserver"
			},
			"engines": {
				"node": ">=14.17"
			}
		},
		"node_modules/undici": {
			"version": "5.22.1",
			"dev": true,
			"license": "MIT",
			"dependencies": {
				"busboy": "^1.6.0"
			},
			"engines": {
				"node": ">=14.0"
			}
		},
		"node_modules/universalify": {
			"version": "0.2.0",
			"license": "MIT",
			"engines": {
				"node": ">= 4.0.0"
			}
		},
		"node_modules/url-parse": {
			"version": "1.5.10",
			"license": "MIT",
			"dependencies": {
				"querystringify": "^2.1.1",
				"requires-port": "^1.0.0"
			}
		},
		"node_modules/util-deprecate": {
			"version": "1.0.2",
			"license": "MIT",
			"optional": true
		},
		"node_modules/vite": {
			"version": "4.3.9",
			"dev": true,
			"license": "MIT",
			"dependencies": {
				"esbuild": "^0.17.5",
				"postcss": "^8.4.23",
				"rollup": "^3.21.0"
			},
			"bin": {
				"vite": "bin/vite.js"
			},
			"engines": {
				"node": "^14.18.0 || >=16.0.0"
			},
			"optionalDependencies": {
				"fsevents": "~2.3.2"
			},
			"peerDependencies": {
				"@types/node": ">= 14",
				"less": "*",
				"sass": "*",
				"stylus": "*",
				"sugarss": "*",
				"terser": "^5.4.0"
			},
			"peerDependenciesMeta": {
				"@types/node": {
					"optional": true
				},
				"less": {
					"optional": true
				},
				"sass": {
					"optional": true
				},
				"stylus": {
					"optional": true
				},
				"sugarss": {
					"optional": true
				},
				"terser": {
					"optional": true
				}
			}
		},
		"node_modules/vitefu": {
			"version": "0.2.4",
			"dev": true,
			"license": "MIT",
			"peerDependencies": {
				"vite": "^3.0.0 || ^4.0.0"
			},
			"peerDependenciesMeta": {
				"vite": {
					"optional": true
				}
			}
		},
		"node_modules/webidl-conversions": {
			"version": "3.0.1",
			"license": "BSD-2-Clause"
		},
		"node_modules/whatwg-url": {
			"version": "5.0.0",
			"license": "MIT",
			"dependencies": {
				"tr46": "~0.0.3",
				"webidl-conversions": "^3.0.0"
			}
		},
		"node_modules/wrappy": {
			"version": "1.0.2",
			"dev": true,
			"license": "ISC"
		},
		"node_modules/ws": {
			"version": "6.2.2",
			"license": "MIT",
			"optional": true,
			"dependencies": {
				"async-limiter": "~1.0.0"
			}
		},
		"node_modules/xtend": {
			"version": "4.0.2",
			"license": "MIT",
			"optional": true,
			"engines": {
				"node": ">=0.4"
			}
		},
		"node_modules/y-leveldb": {
			"version": "0.1.2",
			"license": "MIT",
			"optional": true,
			"dependencies": {
				"level": "^6.0.1",
				"lib0": "^0.2.31"
			},
			"funding": {
				"type": "GitHub Sponsors ❤",
				"url": "https://github.com/sponsors/dmonad"
			},
			"peerDependencies": {
				"yjs": "^13.0.0"
			}
		},
		"node_modules/y-protocols": {
			"version": "1.0.5",
			"license": "MIT",
			"dependencies": {
				"lib0": "^0.2.42"
			},
			"funding": {
				"type": "GitHub Sponsors ❤",
				"url": "https://github.com/sponsors/dmonad"
			}
		},
		"node_modules/y-websocket": {
			"version": "1.5.0",
			"license": "MIT",
			"dependencies": {
				"lib0": "^0.2.52",
				"lodash.debounce": "^4.0.8",
				"y-protocols": "^1.0.5"
			},
			"bin": {
				"y-websocket": "bin/server.js",
				"y-websocket-server": "bin/server.js"
			},
			"funding": {
				"type": "GitHub Sponsors ❤",
				"url": "https://github.com/sponsors/dmonad"
			},
			"optionalDependencies": {
				"ws": "^6.2.1",
				"y-leveldb": "^0.1.0"
			},
			"peerDependencies": {
				"yjs": "^13.5.6"
			}
		},
		"node_modules/yjs": {
			"version": "13.6.2",
			"license": "MIT",
			"dependencies": {
				"lib0": "^0.2.74"
			},
			"engines": {
				"node": ">=16.0.0",
				"npm": ">=8.0.0"
			},
			"funding": {
				"type": "GitHub Sponsors ❤",
				"url": "https://github.com/sponsors/dmonad"
			}
		}
	}
}
